
Microsoft Visual Studio Solution File, Format Version 12.00
# Visual Studio Version 16
VisualStudioVersion = 16.0.29424.173
MinimumVisualStudioVersion = 10.0.40219.1
Project("{FAE04EC0-301F-11D3-BF4B-00C04F79EFBC}") = "memory-game", "memory-game\memory-game.csproj", "{912FF539-5F22-4C41-BADC-2641FB20BDF7}"
EndProject
Global
	GlobalSection(SolutionConfigurationPlatforms) = preSolution
		Debug|Any CPU = Debug|Any CPU
		Release|Any CPU = Release|Any CPU
	EndGlobalSection
	GlobalSection(ProjectConfigurationPlatforms) = postSolution
		{912FF539-5F22-4C41-BADC-2641FB20BDF7}.Debug|Any CPU.ActiveCfg = Debug|Any CPU
		{912FF539-5F22-4C41-BADC-2641FB20BDF7}.Debug|Any CPU.Build.0 = Debug|Any CPU
		{912FF539-5F22-4C41-BADC-2641FB20BDF7}.Release|Any CPU.ActiveCfg = Release|Any CPU
		{912FF539-5F22-4C41-BADC-2641FB20BDF7}.Release|Any CPU.Build.0 = Release|Any CPU
	EndGlobalSection
	GlobalSection(SolutionProperties) = preSolution
		HideSolutionNode = FALSE
	EndGlobalSection
	GlobalSection(ExtensibilityGlobals) = postSolution
		SolutionGuid = {239736F6-07EC-4A73-9BAF-6F52A888642B}
	EndGlobalSection
EndGlobal
